
Microsoft Visual Studio Solution File, Format Version 12.00
# Visual Studio 15
VisualStudioVersion = 15.0.26730.12
MinimumVisualStudioVersion = 10.0.40219.1
Project("{9A19103F-16F7-4668-BE54-9A1E7A4F7556}") = "SurrogateFreeString", "SurrogateFreeString\SurrogateFreeString.csproj", "{ACE2C822-53E1-4DFD-BD2F-74EBB3D49407}"
EndProject
Project("{FAE04EC0-301F-11D3-BF4B-00C04F79EFBC}") = "SurrogateFreeString.Tests", "SurrogateFreeString.Tests\SurrogateFreeString.Tests.csproj", "{58FE02FD-EA26-467D-B5E4-2807125D5AED}"
EndProject
Global
	GlobalSection(SolutionConfigurationPlatforms) = preSolution
		Debug|Any CPU = Debug|Any CPU
		Debug|ARM = Debug|ARM
		Debug|x64 = Debug|x64
		Debug|x86 = Debug|x86
		Release|Any CPU = Release|Any CPU
		Release|ARM = Release|ARM
		Release|x64 = Release|x64
		Release|x86 = Release|x86
	EndGlobalSection
	GlobalSection(ProjectConfigurationPlatforms) = postSolution
		{ACE2C822-53E1-4DFD-BD2F-74EBB3D49407}.Debug|Any CPU.ActiveCfg = Debug|Any CPU
		{ACE2C822-53E1-4DFD-BD2F-74EBB3D49407}.Debug|Any CPU.Build.0 = Debug|Any CPU
		{ACE2C822-53E1-4DFD-BD2F-74EBB3D49407}.Debug|ARM.ActiveCfg = Debug|Any CPU
		{ACE2C822-53E1-4DFD-BD2F-74EBB3D49407}.Debug|ARM.Build.0 = Debug|Any CPU
		{ACE2C822-53E1-4DFD-BD2F-74EBB3D49407}.Debug|x64.ActiveCfg = Debug|Any CPU
		{ACE2C822-53E1-4DFD-BD2F-74EBB3D49407}.Debug|x64.Build.0 = Debug|Any CPU
		{ACE2C822-53E1-4DFD-BD2F-74EBB3D49407}.Debug|x86.ActiveCfg = Debug|Any CPU
		{ACE2C822-53E1-4DFD-BD2F-74EBB3D49407}.Debug|x86.Build.0 = Debug|Any CPU
		{ACE2C822-53E1-4DFD-BD2F-74EBB3D49407}.Release|Any CPU.ActiveCfg = Release|Any CPU
		{ACE2C822-53E1-4DFD-BD2F-74EBB3D49407}.Release|Any CPU.Build.0 = Release|Any CPU
		{ACE2C822-53E1-4DFD-BD2F-74EBB3D49407}.Release|ARM.ActiveCfg = Release|Any CPU
		{ACE2C822-53E1-4DFD-BD2F-74EBB3D49407}.Release|ARM.Build.0 = Release|Any CPU
		{ACE2C822-53E1-4DFD-BD2F-74EBB3D49407}.Release|x64.ActiveCfg = Release|Any CPU
		{ACE2C822-53E1-4DFD-BD2F-74EBB3D49407}.Release|x64.Build.0 = Release|Any CPU
		{ACE2C822-53E1-4DFD-BD2F-74EBB3D49407}.Release|x86.ActiveCfg = Release|Any CPU
		{ACE2C822-53E1-4DFD-BD2F-74EBB3D49407}.Release|x86.Build.0 = Release|Any CPU
		{58FE02FD-EA26-467D-B5E4-2807125D5AED}.Debug|Any CPU.ActiveCfg = Debug|Any CPU
		{58FE02FD-EA26-467D-B5E4-2807125D5AED}.Debug|Any CPU.Build.0 = Debug|Any CPU
		{58FE02FD-EA26-467D-B5E4-2807125D5AED}.Debug|ARM.ActiveCfg = Debug|Any CPU
		{58FE02FD-EA26-467D-B5E4-2807125D5AED}.Debug|ARM.Build.0 = Debug|Any CPU
		{58FE02FD-EA26-467D-B5E4-2807125D5AED}.Debug|x64.ActiveCfg = Debug|Any CPU
		{58FE02FD-EA26-467D-B5E4-2807125D5AED}.Debug|x64.Build.0 = Debug|Any CPU
		{58FE02FD-EA26-467D-B5E4-2807125D5AED}.Debug|x86.ActiveCfg = Debug|Any CPU
		{58FE02FD-EA26-467D-B5E4-2807125D5AED}.Debug|x86.Build.0 = Debug|Any CPU
		{58FE02FD-EA26-467D-B5E4-2807125D5AED}.Release|Any CPU.ActiveCfg = Release|Any CPU
		{58FE02FD-EA26-467D-B5E4-2807125D5AED}.Release|Any CPU.Build.0 = Release|Any CPU
		{58FE02FD-EA26-467D-B5E4-2807125D5AED}.Release|ARM.ActiveCfg = Release|Any CPU
		{58FE02FD-EA26-467D-B5E4-2807125D5AED}.Release|ARM.Build.0 = Release|Any CPU
		{58FE02FD-EA26-467D-B5E4-2807125D5AED}.Release|x64.ActiveCfg = Release|Any CPU
		{58FE02FD-EA26-467D-B5E4-2807125D5AED}.Release|x64.Build.0 = Release|Any CPU
		{58FE02FD-EA26-467D-B5E4-2807125D5AED}.Release|x86.ActiveCfg = Release|Any CPU
		{58FE02FD-EA26-467D-B5E4-2807125D5AED}.Release|x86.Build.0 = Release|Any CPU
	EndGlobalSection
	GlobalSection(SolutionProperties) = preSolution
		HideSolutionNode = FALSE
	EndGlobalSection
	GlobalSection(ExtensibilityGlobals) = postSolution
		SolutionGuid = {0157DBDD-C63F-422C-B2A2-DE966F23B7CE}
	EndGlobalSection
EndGlobal
